
Microsoft Visual Studio Solution File, Format Version 12.00
# Visual Studio Version 17
VisualStudioVersion = 17.7.34221.43
MinimumVisualStudioVersion = 10.0.40219.1
Project("{FAE04EC0-301F-11D3-BF4B-00C04F79EFBC}") = "Jogo de aventura", "Jogo de aventura C#\Jogo de aventura.csproj", "{44BFAA93-99EF-443B-997D-C798A3082186}"
EndProject
Global
	GlobalSection(SolutionConfigurationPlatforms) = preSolution
		Debug|Any CPU = Debug|Any CPU
		Release|Any CPU = Release|Any CPU
	EndGlobalSection
	GlobalSection(ProjectConfigurationPlatforms) = postSolution
		{44BFAA93-99EF-443B-997D-C798A3082186}.Debug|Any CPU.ActiveCfg = Debug|Any CPU
		{44BFAA93-99EF-443B-997D-C798A3082186}.Debug|Any CPU.Build.0 = Debug|Any CPU
		{44BFAA93-99EF-443B-997D-C798A3082186}.Release|Any CPU.ActiveCfg = Release|Any CPU
		{44BFAA93-99EF-443B-997D-C798A3082186}.Release|Any CPU.Build.0 = Release|Any CPU
	EndGlobalSection
	GlobalSection(SolutionProperties) = preSolution
		HideSolutionNode = FALSE
	EndGlobalSection
	GlobalSection(ExtensibilityGlobals) = postSolution
		SolutionGuid = {2BFA0C5C-30A9-4C90-B96C-622382EE099B}
	EndGlobalSection
EndGlobal
